{
  "version": "4",
  "specifiers": {
    "jsr:@std/assert@1": "1.0.8",
    "jsr:@std/async@1": "1.0.8",
    "jsr:@std/fs@1": "1.0.5",
    "jsr:@std/internal@^1.0.5": "1.0.5",
    "jsr:@std/path@^1.0.7": "1.0.8",
    "npm:hono@*": "4.6.10"
  },
  "jsr": {
    "@std/assert@1.0.8": {
      "integrity": "ebe0bd7eb488ee39686f77003992f389a06c3da1bbd8022184804852b2fa641b",
      "dependencies": [
        "jsr:@std/internal"
      ]
    },
    "@std/async@1.0.8": {
      "integrity": "c057c5211a0f1d12e7dcd111ab430091301b8d64b4250052a79d277383bc3ba7"
    },
    "@std/fs@1.0.5": {
      "integrity": "41806ad6823d0b5f275f9849a2640d87e4ef67c51ee1b8fb02426f55e02fd44e",
      "dependencies": [
        "jsr:@std/path"
      ]
    },
    "@std/internal@1.0.5": {
      "integrity": "54a546004f769c1ac9e025abd15a76b6671ddc9687e2313b67376125650dc7ba"
    },
    "@std/path@1.0.8": {
      "integrity": "548fa456bb6a04d3c1a1e7477986b6cffbce95102d0bb447c67c4ee70e0364be"
    }
  },
  "npm": {
    "hono@4.6.10": {
      "integrity": "sha512-IXXNfRAZEahFnWBhUUlqKEGF9upeE6hZoRZszvNkyAz/CYp+iVbxm3viMvStlagRJohjlBRGOQ7f4jfcV0XMGg=="
    }
  },
  "workspace": {
    "dependencies": [
      "jsr:@std/assert@1",
      "jsr:@std/async@1",
      "npm:hono@*"
    ]
  }
}
